
Microsoft Visual Studio Solution File, Format Version 12.00
# Visual Studio Version 17
VisualStudioVersion = 17.9.34607.119
MinimumVisualStudioVersion = 10.0.40219.1
Project("{9A19103F-16F7-4668-BE54-9A1E7A4F7556}") = "ST10298613_CLDV6212_POE", "ST10298613_CLDV6212_POE.csproj", "{7A86B8AC-D760-4B84-998E-B7697F75FDF5}"
EndProject
Global
	GlobalSection(SolutionConfigurationPlatforms) = preSolution
		Debug|Any CPU = Debug|Any CPU
		Release|Any CPU = Release|Any CPU
	EndGlobalSection
	GlobalSection(ProjectConfigurationPlatforms) = postSolution
		{7A86B8AC-D760-4B84-998E-B7697F75FDF5}.Debug|Any CPU.ActiveCfg = Debug|Any CPU
		{7A86B8AC-D760-4B84-998E-B7697F75FDF5}.Debug|Any CPU.Build.0 = Debug|Any CPU
		{7A86B8AC-D760-4B84-998E-B7697F75FDF5}.Release|Any CPU.ActiveCfg = Release|Any CPU
		{7A86B8AC-D760-4B84-998E-B7697F75FDF5}.Release|Any CPU.Build.0 = Release|Any CPU
	EndGlobalSection
	GlobalSection(SolutionProperties) = preSolution
		HideSolutionNode = FALSE
	EndGlobalSection
	GlobalSection(ExtensibilityGlobals) = postSolution
		SolutionGuid = {128B950B-34C1-4D83-80FD-DDEB99CDD6CB}
	EndGlobalSection
EndGlobal
